
Microsoft Visual Studio Solution File, Format Version 12.00
# Visual Studio 15
VisualStudioVersion = 15.0.27703.2047
MinimumVisualStudioVersion = 10.0.40219.1
Project("{8BC9CEB8-8B4A-11D0-8D11-00A0C91BC942}") = "GarbageJudge", "GarbageJudge.vcxproj", "{75419B10-F245-41E2-876A-65F149EB4704}"
EndProject
Global
	GlobalSection(SolutionConfigurationPlatforms) = preSolution
		Debug|ARM = Debug|ARM
		Debug|x64 = Debug|x64
		Debug|x86 = Debug|x86
		Release|ARM = Release|ARM
		Release|x64 = Release|x64
		Release|x86 = Release|x86
	EndGlobalSection
	GlobalSection(ProjectConfigurationPlatforms) = postSolution
		{75419B10-F245-41E2-876A-65F149EB4704}.Debug|ARM.ActiveCfg = Debug|ARM
		{75419B10-F245-41E2-876A-65F149EB4704}.Debug|ARM.Build.0 = Debug|ARM
		{75419B10-F245-41E2-876A-65F149EB4704}.Debug|x64.ActiveCfg = Debug|x64
		{75419B10-F245-41E2-876A-65F149EB4704}.Debug|x64.Build.0 = Debug|x64
		{75419B10-F245-41E2-876A-65F149EB4704}.Debug|x86.ActiveCfg = Debug|x86
		{75419B10-F245-41E2-876A-65F149EB4704}.Debug|x86.Build.0 = Debug|x86
		{75419B10-F245-41E2-876A-65F149EB4704}.Release|ARM.ActiveCfg = Release|ARM
		{75419B10-F245-41E2-876A-65F149EB4704}.Release|ARM.Build.0 = Release|ARM
		{75419B10-F245-41E2-876A-65F149EB4704}.Release|x64.ActiveCfg = Release|x64
		{75419B10-F245-41E2-876A-65F149EB4704}.Release|x64.Build.0 = Release|x64
		{75419B10-F245-41E2-876A-65F149EB4704}.Release|x86.ActiveCfg = Release|x86
		{75419B10-F245-41E2-876A-65F149EB4704}.Release|x86.Build.0 = Release|x86
	EndGlobalSection
	GlobalSection(SolutionProperties) = preSolution
		HideSolutionNode = FALSE
	EndGlobalSection
	GlobalSection(ExtensibilityGlobals) = postSolution
		SolutionGuid = {EABE2894-FA41-4A16-9876-5206031AA5DC}
	EndGlobalSection
EndGlobal
