<?xml version="1.0" encoding="utf-8"?>
<Project ToolsVersion="4.0" xmlns="http://schemas.microsoft.com/developer/msbuild/2003">
  <ItemGroup>
    <ClCompile Include="main.cpp" />
    <ClCompile Include="SyscallLayer.cpp">
      <Filter>Source</Filter>
    </ClCompile>
    <ClCompile Include="LanguageConfig.cpp">
      <Filter>Source</Filter>
    </ClCompile>
    <ClCompile Include="Compiler.cpp">
      <Filter>Source</Filter>
    </ClCompile>
    <ClCompile Include="Judger.cpp">
      <Filter>Source</Filter>
    </ClCompile>
  </ItemGroup>
  <ItemGroup>
    <Filter Include="Headers">
      <UniqueIdentifier>{3a8035d3-426e-4e8d-a845-d0d32358af61}</UniqueIdentifier>
    </Filter>
    <Filter Include="Source">
      <UniqueIdentifier>{aa226bf5-7e48-4cd6-8393-fd7f63772255}</UniqueIdentifier>
    </Filter>
  </ItemGroup>
  <ItemGroup>
    <ClInclude Include="SyscallLayer.h">
      <Filter>Headers</Filter>
    </ClInclude>
    <ClInclude Include="EnumDef.h">
      <Filter>Headers</Filter>
    </ClInclude>
    <ClInclude Include="LanguageConfig.h">
      <Filter>Headers</Filter>
    </ClInclude>
    <ClInclude Include="Compiler.h">
      <Filter>Headers</Filter>
    </ClInclude>
    <ClInclude Include="Judger.h">
      <Filter>Headers</Filter>
    </ClInclude>
  </ItemGroup>
</Project>