<?xml version="1.0" encoding="utf-8"?>
<Project ToolsVersion="4.0" xmlns="http://schemas.microsoft.com/developer/msbuild/2003">
  <ItemGroup>
    <ClCompile Include="main.cpp" />
    <ClCompile Include="Language.cpp">
      <Filter>Source</Filter>
    </ClCompile>
    <ClCompile Include="Judge.cpp">
      <Filter>Source</Filter>
    </ClCompile>
    <ClCompile Include="Compiler.cpp">
      <Filter>Source</Filter>
    </ClCompile>
    <ClCompile Include="toolkit.cpp">
      <Filter>Source</Filter>
    </ClCompile>
    <ClCompile Include="Problem.cpp">
      <Filter>Source</Filter>
    </ClCompile>
    <ClCompile Include="Task.cpp">
      <Filter>Source</Filter>
    </ClCompile>
  </ItemGroup>
  <ItemGroup>
    <Filter Include="Header">
      <UniqueIdentifier>{e0c3d07b-7bfa-4616-b678-cc2b63807bc9}</UniqueIdentifier>
    </Filter>
    <Filter Include="Source">
      <UniqueIdentifier>{fda8cb19-4fda-40c9-8a3e-3efbf6a13d24}</UniqueIdentifier>
    </Filter>
  </ItemGroup>
  <ItemGroup>
    <ClInclude Include="Language.h">
      <Filter>Header</Filter>
    </ClInclude>
    <ClInclude Include="Judge.h">
      <Filter>Header</Filter>
    </ClInclude>
    <ClInclude Include="Task.h">
      <Filter>Header</Filter>
    </ClInclude>
    <ClInclude Include="Compiler.h">
      <Filter>Header</Filter>
    </ClInclude>
    <ClInclude Include="EnumDef.h" />
    <ClInclude Include="toolkit.h">
      <Filter>Header</Filter>
    </ClInclude>
    <ClInclude Include="Problem.h">
      <Filter>Header</Filter>
    </ClInclude>
  </ItemGroup>
</Project>